# THIS IS AN AUTOGENERATED FILE. DO NOT EDIT THIS FILE DIRECTLY.
# yarn lockfile v1


create-file@^1.0.1:
  version "1.0.1"
  resolved "https://registry.yarnpkg.com/create-file/-/create-file-1.0.1.tgz#8e449eebc3c61df2cd601b7fa0a421e2988fba3e"
  integrity sha512-7iTPgMEgLLFOq4Wkxnbinz9viMdEGYArNOxXtU90l6YoYGbd4vwf/r4oYztdUYt7ScDOwlA/y48si2HNL2hw9A==
  dependencies:
    is-existing-file "^1.0.0"
    safe-write-file "^1.0.1"

is-existing-file@^1.0.0:
  version "1.0.0"
  resolved "https://registry.yarnpkg.com/is-existing-file/-/is-existing-file-1.0.0.tgz#d5ac7d68d124565f9824c7d630bde153d0543ed4"
  integrity sha512-tnBMjnMxklcDCz1arPnk9jLO3glSuuaBbRhxR2psyXpuKAkafChujKEKkViKrKC9Hs/R1hiHtkwTDGt9CK/l9A==

minimist@^1.2.6:
  version "1.2.7"
  resolved "https://registry.yarnpkg.com/minimist/-/minimist-1.2.7.tgz#daa1c4d91f507390437c6a8bc01078e7000c4d18"
  integrity sha512-bzfL1YUZsP41gmu/qjrEk0Q6i2ix/cVeAhbCbqH9u3zYutS1cLg00qhrD0M2MVdCcx4Sc0UpP2eBWo9rotpq6g==

mkdirp@^0.5.0:
  version "0.5.6"
  resolved "https://registry.yarnpkg.com/mkdirp/-/mkdirp-0.5.6.tgz#7def03d2432dcae4ba1d611445c48396062255f6"
  integrity sha512-FP+p8RB8OWpF3YZBCrP5gtADmtXApB5AMLn+vdyA+PyxCjrCs00mjyUozssO33cwDeT3wNGdLxJ5M//YqtHAJw==
  dependencies:
    minimist "^1.2.6"

safe-write-file@^1.0.1:
  version "1.1.2"
  resolved "https://registry.yarnpkg.com/safe-write-file/-/safe-write-file-1.1.2.tgz#9056982c2ff259919337ca70e0f4deef915328da"
  integrity sha512-K14rXQEVK+K/x/pYJGDskYpcQgOmVhClmri/dILstQrL8lkRvd2LAljVj7Qk4Ir7OZuTeq+1AUnVc9x97a0/4Q==
  dependencies:
    mkdirp "^0.5.0"
